// !$*UTF8*$!
{
	archiveVersion = 1;
	classes = {
	};
	objectVersion = 70;
	objects = {

/* Begin PBXBuildFile section */
		1729BA562FA32FBF0032FA73 /* RemoteSamsungStyle.swift in Sources */ = {isa = PBXBuildFile; fileRef = 1729BA552FA32FBF0032FA73 /* RemoteSamsungStyle.swift */; };
		36C1F87E2FDDDAE30058B7ED /* WidgetKit.framework in Frameworks */ = {isa = PBXBuildFile; fileRef = 36C1F87D2FDDDAE30058B7ED /* WidgetKit.framework */; };
		36C1F8802FDDDAE30058B7ED /* SwiftUI.framework in Frameworks */ = {isa = PBXBuildFile; fileRef = 36C1F87F2FDDDAE30058B7ED /* SwiftUI.framework */; };
		36C1F8912FDDDAE40058B7ED /* RemoteTVExtensionExtension.appex in Embed Foundation Extensions */ = {isa = PBXBuildFile; fileRef = 36C1F87B2FDDDAE30058B7ED /* RemoteTVExtensionExtension.appex */; settings = {ATTRIBUTES = (RemoveHeadersOnCopy, ); }; };
		AC000000000000000000F001 /* RemoteTVCore in Frameworks */ = {isa = PBXBuildFile; productRef = AB000000000000000000F001 /* RemoteTVCore */; };
		AC000000000000000000F002 /* RemoteTVCore in Frameworks */ = {isa = PBXBuildFile; productRef = AB000000000000000000F002 /* RemoteTVCore */; };
		AC000000000000000000F003 /* RemoteTVCore in Frameworks */ = {isa = PBXBuildFile; productRef = AB000000000000000000F003 /* RemoteTVCore */; };
		B2000000000000000000F001 /* RemoteTVApp.swift in Sources */ = {isa = PBXBuildFile; fileRef = A2000000000000000000F001 /* RemoteTVApp.swift */; };
		B2000000000000000000F010 /* RemoteView.swift in Sources */ = {isa = PBXBuildFile; fileRef = A2000000000000000000F010 /* RemoteView.swift */; };
		B2000000000000000000F011 /* RemoteViewModel.swift in Sources */ = {isa = PBXBuildFile; fileRef = A2000000000000000000F011 /* RemoteViewModel.swift */; };
		B2000000000000000000F012 /* RemoteButton.swift in Sources */ = {isa = PBXBuildFile; fileRef = A2000000000000000000F012 /* RemoteButton.swift */; };
		B2000000000000000000F013 /* DPadSection.swift in Sources */ = {isa = PBXBuildFile; fileRef = A2000000000000000000F013 /* DPadSection.swift */; };
		B2000000000000000000F07C /* MuteTimerControl.swift in Sources */ = {isa = PBXBuildFile; fileRef = A2000000000000000000F07C /* MuteTimerControl.swift */; };
		B2000000000000000000F07D /* AppSlotConfig.swift in Sources */ = {isa = PBXBuildFile; fileRef = A2000000000000000000F07D /* AppSlotConfig.swift */; };
		B2000000000000000000F014 /* VolumeSection.swift in Sources */ = {isa = PBXBuildFile; fileRef = A2000000000000000000F014 /* VolumeSection.swift */; };
		B2000000000000000000F015 /* BottomActionsSection.swift in Sources */ = {isa = PBXBuildFile; fileRef = A2000000000000000000F015 /* BottomActionsSection.swift */; };
		B2000000000000000000F016 /* StatusPill.swift in Sources */ = {isa = PBXBuildFile; fileRef = A2000000000000000000F016 /* StatusPill.swift */; };
		B2000000000000000000F017 /* RemoteToolbarMenu.swift in Sources */ = {isa = PBXBuildFile; fileRef = A2000000000000000000F017 /* RemoteToolbarMenu.swift */; };
		B2000000000000000000F029 /* DiscoveredTV.swift in Sources */ = {isa = PBXBuildFile; fileRef = A2000000000000000000F029 /* DiscoveredTV.swift */; };
		B2000000000000000000F02D /* TVDiscoveryService.swift in Sources */ = {isa = PBXBuildFile; fileRef = A2000000000000000000F02D /* TVDiscoveryService.swift */; };
		B2000000000000000000F02F /* DiscoveryView.swift in Sources */ = {isa = PBXBuildFile; fileRef = A2000000000000000000F02F /* DiscoveryView.swift */; };
		B2000000000000000000F030 /* DiscoveryViewModel.swift in Sources */ = {isa = PBXBuildFile; fileRef = A2000000000000000000F030 /* DiscoveryViewModel.swift */; };
		B2000000000000000000F031 /* TVListRow.swift in Sources */ = {isa = PBXBuildFile; fileRef = A2000000000000000000F031 /* TVListRow.swift */; };
		B2000000000000000000F037 /* BonjourDiscoveryService.swift in Sources */ = {isa = PBXBuildFile; fileRef = A2000000000000000000F037 /* BonjourDiscoveryService.swift */; };
		B2000000000000000000F038 /* ChannelSection.swift in Sources */ = {isa = PBXBuildFile; fileRef = A2000000000000000000F038 /* ChannelSection.swift */; };
		B2000000000000000000F039 /* CommercialMuteSection.swift in Sources */ = {isa = PBXBuildFile; fileRef = A2000000000000000000F039 /* CommercialMuteSection.swift */; };
		B2000000000000000000F03C /* AppsSection.swift in Sources */ = {isa = PBXBuildFile; fileRef = A2000000000000000000F03C /* AppsSection.swift */; };
		B2000000000000000000F03E /* InstalledAppsSection.swift in Sources */ = {isa = PBXBuildFile; fileRef = A2000000000000000000F03E /* InstalledAppsSection.swift */; };
		B2000000000000000000F044 /* SniffLogSection.swift in Sources */ = {isa = PBXBuildFile; fileRef = A2000000000000000000F044 /* SniffLogSection.swift */; };
		B2000000000000000000F045 /* TrackpadGestureMapper.swift in Sources */ = {isa = PBXBuildFile; fileRef = A2000000000000000000F045 /* TrackpadGestureMapper.swift */; };
		B2000000000000000000F046 /* TrackpadSection.swift in Sources */ = {isa = PBXBuildFile; fileRef = A2000000000000000000F046 /* TrackpadSection.swift */; };
		B2000000000000000000F047 /* RemoteInputMode.swift in Sources */ = {isa = PBXBuildFile; fileRef = A2000000000000000000F047 /* RemoteInputMode.swift */; };
		B2000000000000000000F049 /* RemoteStatusLED.swift in Sources */ = {isa = PBXBuildFile; fileRef = A2000000000000000000F049 /* RemoteStatusLED.swift */; };
		B2000000000000000000F04A /* CompactCommercialMute.swift in Sources */ = {isa = PBXBuildFile; fileRef = A2000000000000000000F04A /* CompactCommercialMute.swift */; };
		B2000000000000000000F04B /* RemoteSamsungBody.swift in Sources */ = {isa = PBXBuildFile; fileRef = A2000000000000000000F04B /* RemoteSamsungBody.swift */; };
		B2000000000000000000F04C /* SidePanelMode.swift in Sources */ = {isa = PBXBuildFile; fileRef = A2000000000000000000F04C /* SidePanelMode.swift */; };
		B2000000000000000000F04D /* RemoteSidePanelInstalledApps.swift in Sources */ = {isa = PBXBuildFile; fileRef = A2000000000000000000F04D /* RemoteSidePanelInstalledApps.swift */; };
		B2000000000000000000F04E /* RemoteSidePanelSniffLog.swift in Sources */ = {isa = PBXBuildFile; fileRef = A2000000000000000000F04E /* RemoteSidePanelSniffLog.swift */; };
		B2000000000000000000F04F /* RemoteSidePanelShortcuts.swift in Sources */ = {isa = PBXBuildFile; fileRef = A2000000000000000000F04F /* RemoteSidePanelShortcuts.swift */; };
		B2000000000000000000F051 /* HapticPressStyle.swift in Sources */ = {isa = PBXBuildFile; fileRef = A2000000000000000000F051 /* HapticPressStyle.swift */; };
		B2000000000000000000F052 /* PowerButton.swift in Sources */ = {isa = PBXBuildFile; fileRef = A2000000000000000000F052 /* PowerButton.swift */; };
		B2000000000000000000F053 /* NumberPadView.swift in Sources */ = {isa = PBXBuildFile; fileRef = A2000000000000000000F053 /* NumberPadView.swift */; };
		B2000000000000000000F054 /* RootView.swift in Sources */ = {isa = PBXBuildFile; fileRef = A2000000000000000000F054 /* RootView.swift */; };
		B2000000000000000000F055 /* PowerOnHelpSheet.swift in Sources */ = {isa = PBXBuildFile; fileRef = A2000000000000000000F055 /* PowerOnHelpSheet.swift */; };
		B2000000000000000000F056 /* EPGChannel.swift in Sources */ = {isa = PBXBuildFile; fileRef = A2000000000000000000F056 /* EPGChannel.swift */; };
		B2000000000000000000F057 /* EPGProgramme.swift in Sources */ = {isa = PBXBuildFile; fileRef = A2000000000000000000F057 /* EPGProgramme.swift */; };
		B2000000000000000000F058 /* EPGGuide.swift in Sources */ = {isa = PBXBuildFile; fileRef = A2000000000000000000F058 /* EPGGuide.swift */; };
		B2000000000000000000F059 /* EPGClient.swift in Sources */ = {isa = PBXBuildFile; fileRef = A2000000000000000000F059 /* EPGClient.swift */; };
		B2000000000000000000F05A /* EPGViewModel.swift in Sources */ = {isa = PBXBuildFile; fileRef = A2000000000000000000F05A /* EPGViewModel.swift */; };
		B2000000000000000000F05B /* RemoteSidePanelEPG.swift in Sources */ = {isa = PBXBuildFile; fileRef = A2000000000000000000F05B /* RemoteSidePanelEPG.swift */; };
		B2000000000000000000F05C /* NowOnTVPill.swift in Sources */ = {isa = PBXBuildFile; fileRef = A2000000000000000000F05C /* NowOnTVPill.swift */; };
		B2000000000000000000F05D /* KnownChannelNumbers.swift in Sources */ = {isa = PBXBuildFile; fileRef = A2000000000000000000F05D /* KnownChannelNumbers.swift */; };
		B2000000000000000000F05E /* MicrophoneCaptureService.swift in Sources */ = {isa = PBXBuildFile; fileRef = A2000000000000000000F05E /* MicrophoneCaptureService.swift */; };
		B2000000000000000000F05F /* NetworkMonitor.swift in Sources */ = {isa = PBXBuildFile; fileRef = A2000000000000000000F05F /* NetworkMonitor.swift */; };
		B2000000000000000000F060 /* OnboardingViewModel.swift in Sources */ = {isa = PBXBuildFile; fileRef = A2000000000000000000F060 /* OnboardingViewModel.swift */; };
		B2000000000000000000F061 /* OnboardingView.swift in Sources */ = {isa = PBXBuildFile; fileRef = A2000000000000000000F061 /* OnboardingView.swift */; };
		B2000000000000000000F062 /* MediaCastView.swift in Sources */ = {isa = PBXBuildFile; fileRef = A2000000000000000000F062 /* MediaCastView.swift */; };
		B2000000000000000000F063 /* KeyboardInputView.swift in Sources */ = {isa = PBXBuildFile; fileRef = A2000000000000000000F063 /* KeyboardInputView.swift */; };
		B2000000000000000000F066 /* OnboardingStepScaffold.swift in Sources */ = {isa = PBXBuildFile; fileRef = A2000000000000000000F066 /* OnboardingStepScaffold.swift */; };
		B2000000000000000000F07B /* OnboardingStyle.swift in Sources */ = {isa = PBXBuildFile; fileRef = A2000000000000000000F07B /* OnboardingStyle.swift */; };
		B2000000000000000000F067 /* OnboardingWelcomeStep.swift in Sources */ = {isa = PBXBuildFile; fileRef = A2000000000000000000F067 /* OnboardingWelcomeStep.swift */; };
		B2000000000000000000F068 /* OnboardingNetworkStep.swift in Sources */ = {isa = PBXBuildFile; fileRef = A2000000000000000000F068 /* OnboardingNetworkStep.swift */; };
		B2000000000000000000F069 /* OnboardingFindTVStep.swift in Sources */ = {isa = PBXBuildFile; fileRef = A2000000000000000000F069 /* OnboardingFindTVStep.swift */; };
		B2000000000000000000F06A /* OnboardingPairStep.swift in Sources */ = {isa = PBXBuildFile; fileRef = A2000000000000000000F06A /* OnboardingPairStep.swift */; };
		B2000000000000000000F06B /* OnboardingSuccessStep.swift in Sources */ = {isa = PBXBuildFile; fileRef = A2000000000000000000F06B /* OnboardingSuccessStep.swift */; };
		B2000000000000000000F06C /* OnboardingTestStep.swift in Sources */ = {isa = PBXBuildFile; fileRef = A2000000000000000000F06C /* OnboardingTestStep.swift */; };
		B2000000000000000000F06D /* OnboardingOptimizeStep.swift in Sources */ = {isa = PBXBuildFile; fileRef = A2000000000000000000F06D /* OnboardingOptimizeStep.swift */; };
		B2000000000000000000F073 /* TVChannelEntity.swift in Sources */ = {isa = PBXBuildFile; fileRef = A2000000000000000000F073 /* TVChannelEntity.swift */; };
		B2000000000000000000F074 /* TVAppEntity.swift in Sources */ = {isa = PBXBuildFile; fileRef = A2000000000000000000F074 /* TVAppEntity.swift */; };
		B2000000000000000000F075 /* TVControlIntents.swift in Sources */ = {isa = PBXBuildFile; fileRef = A2000000000000000000F075 /* TVControlIntents.swift */; };
		B2000000000000000000F076 /* RemoteTVAppShortcuts.swift in Sources */ = {isa = PBXBuildFile; fileRef = A2000000000000000000F076 /* RemoteTVAppShortcuts.swift */; };
		B2000000000000000000F07A /* OpenRemoteTVAppIntent.swift in Sources */ = {isa = PBXBuildFile; fileRef = A2000000000000000000F07A /* OpenRemoteTVAppIntent.swift */; };
		B3000000000000000000F07A /* OpenRemoteTVAppIntent.swift in Sources */ = {isa = PBXBuildFile; fileRef = A2000000000000000000F07A /* OpenRemoteTVAppIntent.swift */; };
		C2000000000000000000F018 /* Assets.xcassets in Resources */ = {isa = PBXBuildFile; fileRef = A2000000000000000000F018 /* Assets.xcassets */; };
		C2000000000000000000F019 /* Localizable.xcstrings in Resources */ = {isa = PBXBuildFile; fileRef = A2000000000000000000F019 /* Localizable.xcstrings */; };
		D2000000000000000000F01B /* TVCommandEncoderTests.swift in Sources */ = {isa = PBXBuildFile; fileRef = A2000000000000000000F01B /* TVCommandEncoderTests.swift */; };
		D2000000000000000000F01C /* TVURLBuilderTests.swift in Sources */ = {isa = PBXBuildFile; fileRef = A2000000000000000000F01C /* TVURLBuilderTests.swift */; };
		D2000000000000000000F01D /* TVTokenStoreTests.swift in Sources */ = {isa = PBXBuildFile; fileRef = A2000000000000000000F01D /* TVTokenStoreTests.swift */; };
		D2000000000000000000F01E /* RemoteViewModelTests.swift in Sources */ = {isa = PBXBuildFile; fileRef = A2000000000000000000F01E /* RemoteViewModelTests.swift */; };
		D2000000000000000000F027 /* MagicPacketBuilderTests.swift in Sources */ = {isa = PBXBuildFile; fileRef = A2000000000000000000F027 /* MagicPacketBuilderTests.swift */; };
		D2000000000000000000F028 /* RememberedTVsStoreTests.swift in Sources */ = {isa = PBXBuildFile; fileRef = A2000000000000000000F028 /* RememberedTVsStoreTests.swift */; };
		D2000000000000000000F035 /* DiscoveryViewModelTests.swift in Sources */ = {isa = PBXBuildFile; fileRef = A2000000000000000000F035 /* DiscoveryViewModelTests.swift */; };
		D2000000000000000000F048 /* TrackpadGestureMapperTests.swift in Sources */ = {isa = PBXBuildFile; fileRef = A2000000000000000000F048 /* TrackpadGestureMapperTests.swift */; };
		D2000000000000000000F06E /* EPGViewModelTests.swift in Sources */ = {isa = PBXBuildFile; fileRef = A2000000000000000000F06E /* EPGViewModelTests.swift */; };
		D2000000000000000000F06F /* OnboardingViewModelTests.swift in Sources */ = {isa = PBXBuildFile; fileRef = A2000000000000000000F06F /* OnboardingViewModelTests.swift */; };
		D2000000000000000000F070 /* SamsungTVServiceTests.swift in Sources */ = {isa = PBXBuildFile; fileRef = A2000000000000000000F070 /* SamsungTVServiceTests.swift */; };
		D2000000000000000000F071 /* EPGClientTests.swift in Sources */ = {isa = PBXBuildFile; fileRef = A2000000000000000000F071 /* EPGClientTests.swift */; };
		D2000000000000000000F077 /* TVIntentsControllerTests.swift in Sources */ = {isa = PBXBuildFile; fileRef = A2000000000000000000F077 /* TVIntentsControllerTests.swift */; };
		D2000000000000000000F078 /* TVIntentEntitiesTests.swift in Sources */ = {isa = PBXBuildFile; fileRef = A2000000000000000000F078 /* TVIntentEntitiesTests.swift */; };
/* End PBXBuildFile section */

/* Begin PBXContainerItemProxy section */
		36C1F88F2FDDDAE40058B7ED /* PBXContainerItemProxy */ = {
			isa = PBXContainerItemProxy;
			containerPortal = D1000000000000000000F001 /* Project object */;
			proxyType = 1;
			remoteGlobalIDString = 36C1F87A2FDDDAE30058B7ED;
			remoteInfo = RemoteTVExtensionExtension;
		};
		D3000000000000000000F001 /* PBXContainerItemProxy */ = {
			isa = PBXContainerItemProxy;
			containerPortal = D1000000000000000000F001 /* Project object */;
			proxyType = 1;
			remoteGlobalIDString = E1000000000000000000F001;
			remoteInfo = RemoteTV;
		};
/* End PBXContainerItemProxy section */

/* Begin PBXCopyFilesBuildPhase section */
		36C1F8922FDDDAE40058B7ED /* Embed Foundation Extensions */ = {
			isa = PBXCopyFilesBuildPhase;
			buildActionMask = 2147483647;
			dstPath = "";
			dstSubfolderSpec = 13;
			files = (
				36C1F8912FDDDAE40058B7ED /* RemoteTVExtensionExtension.appex in Embed Foundation Extensions */,
			);
			name = "Embed Foundation Extensions";
			runOnlyForDeploymentPostprocessing = 0;
		};
/* End PBXCopyFilesBuildPhase section */

/* Begin PBXFileReference section */
		1729BA552FA32FBF0032FA73 /* RemoteSamsungStyle.swift */ = {isa = PBXFileReference; fileEncoding = 4; lastKnownFileType = sourcecode.swift; path = RemoteSamsungStyle.swift; sourceTree = "<group>"; };
		36C1F87B2FDDDAE30058B7ED /* RemoteTVExtensionExtension.appex */ = {isa = PBXFileReference; explicitFileType = "wrapper.app-extension"; includeInIndex = 0; path = RemoteTVExtensionExtension.appex; sourceTree = BUILT_PRODUCTS_DIR; };
		36C1F87D2FDDDAE30058B7ED /* WidgetKit.framework */ = {isa = PBXFileReference; lastKnownFileType = wrapper.framework; name = WidgetKit.framework; path = System/Library/Frameworks/WidgetKit.framework; sourceTree = SDKROOT; };
		36C1F87F2FDDDAE30058B7ED /* SwiftUI.framework */ = {isa = PBXFileReference; lastKnownFileType = wrapper.framework; name = SwiftUI.framework; path = System/Library/Frameworks/SwiftUI.framework; sourceTree = SDKROOT; };
		36C1F8EF2FDF344F0058B7ED /* RemoteTVExtensionExtension.entitlements */ = {isa = PBXFileReference; lastKnownFileType = text.plist.entitlements; path = RemoteTVExtensionExtension.entitlements; sourceTree = "<group>"; };
		A2000000000000000000F001 /* RemoteTVApp.swift */ = {isa = PBXFileReference; lastKnownFileType = sourcecode.swift; path = RemoteTVApp.swift; sourceTree = "<group>"; };
		A2000000000000000000F010 /* RemoteView.swift */ = {isa = PBXFileReference; lastKnownFileType = sourcecode.swift; path = RemoteView.swift; sourceTree = "<group>"; };
		A2000000000000000000F011 /* RemoteViewModel.swift */ = {isa = PBXFileReference; lastKnownFileType = sourcecode.swift; path = RemoteViewModel.swift; sourceTree = "<group>"; };
		A2000000000000000000F012 /* RemoteButton.swift */ = {isa = PBXFileReference; lastKnownFileType = sourcecode.swift; path = RemoteButton.swift; sourceTree = "<group>"; };
		A2000000000000000000F013 /* DPadSection.swift */ = {isa = PBXFileReference; lastKnownFileType = sourcecode.swift; path = DPadSection.swift; sourceTree = "<group>"; };
		A2000000000000000000F07C /* MuteTimerControl.swift */ = {isa = PBXFileReference; lastKnownFileType = sourcecode.swift; path = MuteTimerControl.swift; sourceTree = "<group>"; };
		A2000000000000000000F07D /* AppSlotConfig.swift */ = {isa = PBXFileReference; lastKnownFileType = sourcecode.swift; path = AppSlotConfig.swift; sourceTree = "<group>"; };
		A2000000000000000000F014 /* VolumeSection.swift */ = {isa = PBXFileReference; lastKnownFileType = sourcecode.swift; path = VolumeSection.swift; sourceTree = "<group>"; };
		A2000000000000000000F015 /* BottomActionsSection.swift */ = {isa = PBXFileReference; lastKnownFileType = sourcecode.swift; path = BottomActionsSection.swift; sourceTree = "<group>"; };
		A2000000000000000000F016 /* StatusPill.swift */ = {isa = PBXFileReference; lastKnownFileType = sourcecode.swift; path = StatusPill.swift; sourceTree = "<group>"; };
		A2000000000000000000F017 /* RemoteToolbarMenu.swift */ = {isa = PBXFileReference; lastKnownFileType = sourcecode.swift; path = RemoteToolbarMenu.swift; sourceTree = "<group>"; };
		A2000000000000000000F018 /* Assets.xcassets */ = {isa = PBXFileReference; lastKnownFileType = folder.assetcatalog; path = Assets.xcassets; sourceTree = "<group>"; };
		A2000000000000000000F019 /* Localizable.xcstrings */ = {isa = PBXFileReference; lastKnownFileType = text.json.xcstrings; path = Localizable.xcstrings; sourceTree = "<group>"; };
		A2000000000000000000F01A /* Info.plist */ = {isa = PBXFileReference; lastKnownFileType = text.plist.xml; path = Info.plist; sourceTree = "<group>"; };
		A2000000000000000000F01B /* TVCommandEncoderTests.swift */ = {isa = PBXFileReference; lastKnownFileType = sourcecode.swift; path = TVCommandEncoderTests.swift; sourceTree = "<group>"; };
		A2000000000000000000F01C /* TVURLBuilderTests.swift */ = {isa = PBXFileReference; lastKnownFileType = sourcecode.swift; path = TVURLBuilderTests.swift; sourceTree = "<group>"; };
		A2000000000000000000F01D /* TVTokenStoreTests.swift */ = {isa = PBXFileReference; lastKnownFileType = sourcecode.swift; path = TVTokenStoreTests.swift; sourceTree = "<group>"; };
		A2000000000000000000F01E /* RemoteViewModelTests.swift */ = {isa = PBXFileReference; lastKnownFileType = sourcecode.swift; path = RemoteViewModelTests.swift; sourceTree = "<group>"; };
		A2000000000000000000F027 /* MagicPacketBuilderTests.swift */ = {isa = PBXFileReference; lastKnownFileType = sourcecode.swift; path = MagicPacketBuilderTests.swift; sourceTree = "<group>"; };
		A2000000000000000000F028 /* RememberedTVsStoreTests.swift */ = {isa = PBXFileReference; lastKnownFileType = sourcecode.swift; path = RememberedTVsStoreTests.swift; sourceTree = "<group>"; };
		A2000000000000000000F029 /* DiscoveredTV.swift */ = {isa = PBXFileReference; lastKnownFileType = sourcecode.swift; path = DiscoveredTV.swift; sourceTree = "<group>"; };
		A2000000000000000000F02D /* TVDiscoveryService.swift */ = {isa = PBXFileReference; lastKnownFileType = sourcecode.swift; path = TVDiscoveryService.swift; sourceTree = "<group>"; };
		A2000000000000000000F02F /* DiscoveryView.swift */ = {isa = PBXFileReference; lastKnownFileType = sourcecode.swift; path = DiscoveryView.swift; sourceTree = "<group>"; };
		A2000000000000000000F030 /* DiscoveryViewModel.swift */ = {isa = PBXFileReference; lastKnownFileType = sourcecode.swift; path = DiscoveryViewModel.swift; sourceTree = "<group>"; };
		A2000000000000000000F031 /* TVListRow.swift */ = {isa = PBXFileReference; lastKnownFileType = sourcecode.swift; path = TVListRow.swift; sourceTree = "<group>"; };
		A2000000000000000000F035 /* DiscoveryViewModelTests.swift */ = {isa = PBXFileReference; lastKnownFileType = sourcecode.swift; path = DiscoveryViewModelTests.swift; sourceTree = "<group>"; };
		A2000000000000000000F036 /* RemoteTV.entitlements */ = {isa = PBXFileReference; lastKnownFileType = text.plist.entitlements; path = RemoteTV.entitlements; sourceTree = "<group>"; };
		A2000000000000000000F037 /* BonjourDiscoveryService.swift */ = {isa = PBXFileReference; lastKnownFileType = sourcecode.swift; path = BonjourDiscoveryService.swift; sourceTree = "<group>"; };
		A2000000000000000000F038 /* ChannelSection.swift */ = {isa = PBXFileReference; lastKnownFileType = sourcecode.swift; path = ChannelSection.swift; sourceTree = "<group>"; };
		A2000000000000000000F039 /* CommercialMuteSection.swift */ = {isa = PBXFileReference; lastKnownFileType = sourcecode.swift; path = CommercialMuteSection.swift; sourceTree = "<group>"; };
		A2000000000000000000F03C /* AppsSection.swift */ = {isa = PBXFileReference; lastKnownFileType = sourcecode.swift; path = AppsSection.swift; sourceTree = "<group>"; };
		A2000000000000000000F03E /* InstalledAppsSection.swift */ = {isa = PBXFileReference; lastKnownFileType = sourcecode.swift; path = InstalledAppsSection.swift; sourceTree = "<group>"; };
		A2000000000000000000F044 /* SniffLogSection.swift */ = {isa = PBXFileReference; lastKnownFileType = sourcecode.swift; path = SniffLogSection.swift; sourceTree = "<group>"; };
		A2000000000000000000F045 /* TrackpadGestureMapper.swift */ = {isa = PBXFileReference; lastKnownFileType = sourcecode.swift; path = TrackpadGestureMapper.swift; sourceTree = "<group>"; };
		A2000000000000000000F046 /* TrackpadSection.swift */ = {isa = PBXFileReference; lastKnownFileType = sourcecode.swift; path = TrackpadSection.swift; sourceTree = "<group>"; };
		A2000000000000000000F047 /* RemoteInputMode.swift */ = {isa = PBXFileReference; lastKnownFileType = sourcecode.swift; path = RemoteInputMode.swift; sourceTree = "<group>"; };
		A2000000000000000000F048 /* TrackpadGestureMapperTests.swift */ = {isa = PBXFileReference; lastKnownFileType = sourcecode.swift; path = TrackpadGestureMapperTests.swift; sourceTree = "<group>"; };
		A2000000000000000000F049 /* RemoteStatusLED.swift */ = {isa = PBXFileReference; lastKnownFileType = sourcecode.swift; path = RemoteStatusLED.swift; sourceTree = "<group>"; };
		A2000000000000000000F04A /* CompactCommercialMute.swift */ = {isa = PBXFileReference; lastKnownFileType = sourcecode.swift; path = CompactCommercialMute.swift; sourceTree = "<group>"; };
		A2000000000000000000F04B /* RemoteSamsungBody.swift */ = {isa = PBXFileReference; lastKnownFileType = sourcecode.swift; path = RemoteSamsungBody.swift; sourceTree = "<group>"; };
		A2000000000000000000F04C /* SidePanelMode.swift */ = {isa = PBXFileReference; lastKnownFileType = sourcecode.swift; path = SidePanelMode.swift; sourceTree = "<group>"; };
		A2000000000000000000F04D /* RemoteSidePanelInstalledApps.swift */ = {isa = PBXFileReference; lastKnownFileType = sourcecode.swift; path = RemoteSidePanelInstalledApps.swift; sourceTree = "<group>"; };
		A2000000000000000000F04E /* RemoteSidePanelSniffLog.swift */ = {isa = PBXFileReference; lastKnownFileType = sourcecode.swift; path = RemoteSidePanelSniffLog.swift; sourceTree = "<group>"; };
		A2000000000000000000F04F /* RemoteSidePanelShortcuts.swift */ = {isa = PBXFileReference; lastKnownFileType = sourcecode.swift; path = RemoteSidePanelShortcuts.swift; sourceTree = "<group>"; };
		A2000000000000000000F051 /* HapticPressStyle.swift */ = {isa = PBXFileReference; lastKnownFileType = sourcecode.swift; path = HapticPressStyle.swift; sourceTree = "<group>"; };
		A2000000000000000000F052 /* PowerButton.swift */ = {isa = PBXFileReference; lastKnownFileType = sourcecode.swift; path = PowerButton.swift; sourceTree = "<group>"; };
		A2000000000000000000F053 /* NumberPadView.swift */ = {isa = PBXFileReference; lastKnownFileType = sourcecode.swift; path = NumberPadView.swift; sourceTree = "<group>"; };
		A2000000000000000000F054 /* RootView.swift */ = {isa = PBXFileReference; lastKnownFileType = sourcecode.swift; path = RootView.swift; sourceTree = "<group>"; };
		A2000000000000000000F055 /* PowerOnHelpSheet.swift */ = {isa = PBXFileReference; lastKnownFileType = sourcecode.swift; path = PowerOnHelpSheet.swift; sourceTree = "<group>"; };
		A2000000000000000000F056 /* EPGChannel.swift */ = {isa = PBXFileReference; lastKnownFileType = sourcecode.swift; path = EPGChannel.swift; sourceTree = "<group>"; };
		A2000000000000000000F057 /* EPGProgramme.swift */ = {isa = PBXFileReference; lastKnownFileType = sourcecode.swift; path = EPGProgramme.swift; sourceTree = "<group>"; };
		A2000000000000000000F058 /* EPGGuide.swift */ = {isa = PBXFileReference; lastKnownFileType = sourcecode.swift; path = EPGGuide.swift; sourceTree = "<group>"; };
		A2000000000000000000F059 /* EPGClient.swift */ = {isa = PBXFileReference; lastKnownFileType = sourcecode.swift; path = EPGClient.swift; sourceTree = "<group>"; };
		A2000000000000000000F05A /* EPGViewModel.swift */ = {isa = PBXFileReference; lastKnownFileType = sourcecode.swift; path = EPGViewModel.swift; sourceTree = "<group>"; };
		A2000000000000000000F05B /* RemoteSidePanelEPG.swift */ = {isa = PBXFileReference; lastKnownFileType = sourcecode.swift; path = RemoteSidePanelEPG.swift; sourceTree = "<group>"; };
		A2000000000000000000F05C /* NowOnTVPill.swift */ = {isa = PBXFileReference; lastKnownFileType = sourcecode.swift; path = NowOnTVPill.swift; sourceTree = "<group>"; };
		A2000000000000000000F05D /* KnownChannelNumbers.swift */ = {isa = PBXFileReference; lastKnownFileType = sourcecode.swift; path = KnownChannelNumbers.swift; sourceTree = "<group>"; };
		A2000000000000000000F05E /* MicrophoneCaptureService.swift */ = {isa = PBXFileReference; lastKnownFileType = sourcecode.swift; path = MicrophoneCaptureService.swift; sourceTree = "<group>"; };
		A2000000000000000000F05F /* NetworkMonitor.swift */ = {isa = PBXFileReference; lastKnownFileType = sourcecode.swift; path = NetworkMonitor.swift; sourceTree = "<group>"; };
		A2000000000000000000F060 /* OnboardingViewModel.swift */ = {isa = PBXFileReference; lastKnownFileType = sourcecode.swift; path = OnboardingViewModel.swift; sourceTree = "<group>"; };
		A2000000000000000000F061 /* OnboardingView.swift */ = {isa = PBXFileReference; lastKnownFileType = sourcecode.swift; path = OnboardingView.swift; sourceTree = "<group>"; };
		A2000000000000000000F062 /* MediaCastView.swift */ = {isa = PBXFileReference; lastKnownFileType = sourcecode.swift; path = MediaCastView.swift; sourceTree = "<group>"; };
		A2000000000000000000F063 /* KeyboardInputView.swift */ = {isa = PBXFileReference; lastKnownFileType = sourcecode.swift; path = KeyboardInputView.swift; sourceTree = "<group>"; };
		A2000000000000000000F066 /* OnboardingStepScaffold.swift */ = {isa = PBXFileReference; lastKnownFileType = sourcecode.swift; path = OnboardingStepScaffold.swift; sourceTree = "<group>"; };
		A2000000000000000000F07B /* OnboardingStyle.swift */ = {isa = PBXFileReference; lastKnownFileType = sourcecode.swift; path = OnboardingStyle.swift; sourceTree = "<group>"; };
		A2000000000000000000F067 /* OnboardingWelcomeStep.swift */ = {isa = PBXFileReference; lastKnownFileType = sourcecode.swift; path = OnboardingWelcomeStep.swift; sourceTree = "<group>"; };
		A2000000000000000000F068 /* OnboardingNetworkStep.swift */ = {isa = PBXFileReference; lastKnownFileType = sourcecode.swift; path = OnboardingNetworkStep.swift; sourceTree = "<group>"; };
		A2000000000000000000F069 /* OnboardingFindTVStep.swift */ = {isa = PBXFileReference; lastKnownFileType = sourcecode.swift; path = OnboardingFindTVStep.swift; sourceTree = "<group>"; };
		A2000000000000000000F06A /* OnboardingPairStep.swift */ = {isa = PBXFileReference; lastKnownFileType = sourcecode.swift; path = OnboardingPairStep.swift; sourceTree = "<group>"; };
		A2000000000000000000F06B /* OnboardingSuccessStep.swift */ = {isa = PBXFileReference; lastKnownFileType = sourcecode.swift; path = OnboardingSuccessStep.swift; sourceTree = "<group>"; };
		A2000000000000000000F06C /* OnboardingTestStep.swift */ = {isa = PBXFileReference; lastKnownFileType = sourcecode.swift; path = OnboardingTestStep.swift; sourceTree = "<group>"; };
		A2000000000000000000F06D /* OnboardingOptimizeStep.swift */ = {isa = PBXFileReference; lastKnownFileType = sourcecode.swift; path = OnboardingOptimizeStep.swift; sourceTree = "<group>"; };
		A2000000000000000000F06E /* EPGViewModelTests.swift */ = {isa = PBXFileReference; lastKnownFileType = sourcecode.swift; path = EPGViewModelTests.swift; sourceTree = "<group>"; };
		A2000000000000000000F06F /* OnboardingViewModelTests.swift */ = {isa = PBXFileReference; lastKnownFileType = sourcecode.swift; path = OnboardingViewModelTests.swift; sourceTree = "<group>"; };
		A2000000000000000000F070 /* SamsungTVServiceTests.swift */ = {isa = PBXFileReference; lastKnownFileType = sourcecode.swift; path = SamsungTVServiceTests.swift; sourceTree = "<group>"; };
		A2000000000000000000F071 /* EPGClientTests.swift */ = {isa = PBXFileReference; lastKnownFileType = sourcecode.swift; path = EPGClientTests.swift; sourceTree = "<group>"; };
		A2000000000000000000F073 /* TVChannelEntity.swift */ = {isa = PBXFileReference; lastKnownFileType = sourcecode.swift; path = TVChannelEntity.swift; sourceTree = "<group>"; };
		A2000000000000000000F074 /* TVAppEntity.swift */ = {isa = PBXFileReference; lastKnownFileType = sourcecode.swift; path = TVAppEntity.swift; sourceTree = "<group>"; };
		A2000000000000000000F075 /* TVControlIntents.swift */ = {isa = PBXFileReference; lastKnownFileType = sourcecode.swift; path = TVControlIntents.swift; sourceTree = "<group>"; };
		A2000000000000000000F076 /* RemoteTVAppShortcuts.swift */ = {isa = PBXFileReference; lastKnownFileType = sourcecode.swift; path = RemoteTVAppShortcuts.swift; sourceTree = "<group>"; };
		A2000000000000000000F07A /* OpenRemoteTVAppIntent.swift */ = {isa = PBXFileReference; lastKnownFileType = sourcecode.swift; path = OpenRemoteTVAppIntent.swift; sourceTree = "<group>"; };
		A2000000000000000000F077 /* TVIntentsControllerTests.swift */ = {isa = PBXFileReference; lastKnownFileType = sourcecode.swift; path = TVIntentsControllerTests.swift; sourceTree = "<group>"; };
		A2000000000000000000F078 /* TVIntentEntitiesTests.swift */ = {isa = PBXFileReference; lastKnownFileType = sourcecode.swift; path = TVIntentEntitiesTests.swift; sourceTree = "<group>"; };
		C1000000000000000000F001 /* RemoteTV.app */ = {isa = PBXFileReference; explicitFileType = wrapper.application; includeInIndex = 0; path = RemoteTV.app; sourceTree = BUILT_PRODUCTS_DIR; };
		C1000000000000000000F002 /* RemoteTVTests.xctest */ = {isa = PBXFileReference; explicitFileType = wrapper.cfbundle; includeInIndex = 0; path = RemoteTVTests.xctest; sourceTree = BUILT_PRODUCTS_DIR; };
/* End PBXFileReference section */

/* Begin PBXFileSystemSynchronizedBuildFileExceptionSet section */
		36C1F8952FDDDAE40058B7ED /* PBXFileSystemSynchronizedBuildFileExceptionSet */ = {
			isa = PBXFileSystemSynchronizedBuildFileExceptionSet;
			membershipExceptions = (
				Info.plist,
			);
			target = 36C1F87A2FDDDAE30058B7ED /* RemoteTVExtensionExtension */;
		};
/* End PBXFileSystemSynchronizedBuildFileExceptionSet section */

/* Begin PBXFileSystemSynchronizedRootGroup section */
		36C1F8812FDDDAE30058B7ED /* RemoteTVExtension */ = {isa = PBXFileSystemSynchronizedRootGroup; exceptions = (36C1F8952FDDDAE40058B7ED /* PBXFileSystemSynchronizedBuildFileExceptionSet */, ); explicitFileTypes = {}; explicitFolders = (); path = RemoteTVExtension; sourceTree = "<group>"; };
/* End PBXFileSystemSynchronizedRootGroup section */

/* Begin PBXFrameworksBuildPhase section */
		36C1F8782FDDDAE30058B7ED /* Frameworks */ = {
			isa = PBXFrameworksBuildPhase;
			buildActionMask = 2147483647;
			files = (
				AC000000000000000000F002 /* RemoteTVCore in Frameworks */,
				36C1F8802FDDDAE30058B7ED /* SwiftUI.framework in Frameworks */,
				36C1F87E2FDDDAE30058B7ED /* WidgetKit.framework in Frameworks */,
			);
			runOnlyForDeploymentPostprocessing = 0;
		};
		F1000000000000000000F003 /* Frameworks */ = {
			isa = PBXFrameworksBuildPhase;
			buildActionMask = 2147483647;
			files = (
				AC000000000000000000F001 /* RemoteTVCore in Frameworks */,
			);
			runOnlyForDeploymentPostprocessing = 0;
		};
		F1000000000000000000F005 /* Frameworks */ = {
			isa = PBXFrameworksBuildPhase;
			buildActionMask = 2147483647;
			files = (
				AC000000000000000000F003 /* RemoteTVCore in Frameworks */,
			);
			runOnlyForDeploymentPostprocessing = 0;
		};
/* End PBXFrameworksBuildPhase section */

/* Begin PBXGroup section */
		36C1F87C2FDDDAE30058B7ED /* Frameworks */ = {
			isa = PBXGroup;
			children = (
				36C1F87D2FDDDAE30058B7ED /* WidgetKit.framework */,
				36C1F87F2FDDDAE30058B7ED /* SwiftUI.framework */,
			);
			name = Frameworks;
			sourceTree = "<group>";
		};
		B1000000000000000000F001 = {
			isa = PBXGroup;
			children = (
				36C1F8EF2FDF344F0058B7ED /* RemoteTVExtensionExtension.entitlements */,
				B1000000000000000000F003 /* RemoteTV */,
				B1000000000000000000F004 /* RemoteTVTests */,
				36C1F8812FDDDAE30058B7ED /* RemoteTVExtension */,
				36C1F87C2FDDDAE30058B7ED /* Frameworks */,
				B1000000000000000000F002 /* Products */,
			);
			sourceTree = "<group>";
		};
		B1000000000000000000F002 /* Products */ = {
			isa = PBXGroup;
			children = (
				C1000000000000000000F001 /* RemoteTV.app */,
				C1000000000000000000F002 /* RemoteTVTests.xctest */,
				36C1F87B2FDDDAE30058B7ED /* RemoteTVExtensionExtension.appex */,
			);
			name = Products;
			sourceTree = "<group>";
		};
		B1000000000000000000F003 /* RemoteTV */ = {
			isa = PBXGroup;
			children = (
				B1000000000000000000F005 /* App */,
				B1000000000000000000F006 /* Domain */,
				B1000000000000000000F007 /* Services */,
				B1000000000000000000F00C /* Discovery */,
				B1000000000000000000F061 /* Intents */,
				B1000000000000000000F008 /* Features */,
				B1000000000000000000F00B /* Resources */,
			);
			path = RemoteTV;
			sourceTree = "<group>";
		};
		B1000000000000000000F004 /* RemoteTVTests */ = {
			isa = PBXGroup;
			children = (
				A2000000000000000000F01B /* TVCommandEncoderTests.swift */,
				A2000000000000000000F01C /* TVURLBuilderTests.swift */,
				A2000000000000000000F01D /* TVTokenStoreTests.swift */,
				A2000000000000000000F01E /* RemoteViewModelTests.swift */,
				A2000000000000000000F027 /* MagicPacketBuilderTests.swift */,
				A2000000000000000000F028 /* RememberedTVsStoreTests.swift */,
				A2000000000000000000F035 /* DiscoveryViewModelTests.swift */,
				A2000000000000000000F048 /* TrackpadGestureMapperTests.swift */,
				A2000000000000000000F06E /* EPGViewModelTests.swift */,
				A2000000000000000000F06F /* OnboardingViewModelTests.swift */,
				A2000000000000000000F070 /* SamsungTVServiceTests.swift */,
				A2000000000000000000F071 /* EPGClientTests.swift */,
				A2000000000000000000F077 /* TVIntentsControllerTests.swift */,
				A2000000000000000000F078 /* TVIntentEntitiesTests.swift */,
			);
			path = RemoteTVTests;
			sourceTree = "<group>";
		};
		B1000000000000000000F005 /* App */ = {
			isa = PBXGroup;
			children = (
				A2000000000000000000F001 /* RemoteTVApp.swift */,
				A2000000000000000000F054 /* RootView.swift */,
			);
			path = App;
			sourceTree = "<group>";
		};
		B1000000000000000000F006 /* Domain */ = {
			isa = PBXGroup;
			children = (
				A2000000000000000000F029 /* DiscoveredTV.swift */,
				A2000000000000000000F056 /* EPGChannel.swift */,
				A2000000000000000000F057 /* EPGProgramme.swift */,
				A2000000000000000000F058 /* EPGGuide.swift */,
				A2000000000000000000F05D /* KnownChannelNumbers.swift */,
			);
			path = Domain;
			sourceTree = "<group>";
		};
		B1000000000000000000F007 /* Services */ = {
			isa = PBXGroup;
			children = (
				A2000000000000000000F059 /* EPGClient.swift */,
				A2000000000000000000F05E /* MicrophoneCaptureService.swift */,
				A2000000000000000000F05F /* NetworkMonitor.swift */,
			);
			path = Services;
			sourceTree = "<group>";
		};
		B1000000000000000000F008 /* Features */ = {
			isa = PBXGroup;
			children = (
				B1000000000000000000F00D /* Discovery */,
				B1000000000000000000F00A /* Remote */,
				B1000000000000000000F060 /* Onboarding */,
			);
			path = Features;
			sourceTree = "<group>";
		};
		B1000000000000000000F00A /* Remote */ = {
			isa = PBXGroup;
			children = (
				1729BA552FA32FBF0032FA73 /* RemoteSamsungStyle.swift */,
				A2000000000000000000F010 /* RemoteView.swift */,
				A2000000000000000000F011 /* RemoteViewModel.swift */,
				A2000000000000000000F012 /* RemoteButton.swift */,
				A2000000000000000000F013 /* DPadSection.swift */,
				A2000000000000000000F07C /* MuteTimerControl.swift */,
				A2000000000000000000F07D /* AppSlotConfig.swift */,
				A2000000000000000000F014 /* VolumeSection.swift */,
				A2000000000000000000F015 /* BottomActionsSection.swift */,
				A2000000000000000000F016 /* StatusPill.swift */,
				A2000000000000000000F017 /* RemoteToolbarMenu.swift */,
				A2000000000000000000F038 /* ChannelSection.swift */,
				A2000000000000000000F039 /* CommercialMuteSection.swift */,
				A2000000000000000000F03C /* AppsSection.swift */,
				A2000000000000000000F03E /* InstalledAppsSection.swift */,
				A2000000000000000000F044 /* SniffLogSection.swift */,
				A2000000000000000000F045 /* TrackpadGestureMapper.swift */,
				A2000000000000000000F046 /* TrackpadSection.swift */,
				A2000000000000000000F047 /* RemoteInputMode.swift */,
				A2000000000000000000F049 /* RemoteStatusLED.swift */,
				A2000000000000000000F04A /* CompactCommercialMute.swift */,
				A2000000000000000000F04B /* RemoteSamsungBody.swift */,
				A2000000000000000000F04C /* SidePanelMode.swift */,
				A2000000000000000000F04D /* RemoteSidePanelInstalledApps.swift */,
				A2000000000000000000F04E /* RemoteSidePanelSniffLog.swift */,
				A2000000000000000000F04F /* RemoteSidePanelShortcuts.swift */,
				A2000000000000000000F051 /* HapticPressStyle.swift */,
				A2000000000000000000F052 /* PowerButton.swift */,
				A2000000000000000000F053 /* NumberPadView.swift */,
				A2000000000000000000F055 /* PowerOnHelpSheet.swift */,
				A2000000000000000000F05A /* EPGViewModel.swift */,
				A2000000000000000000F05B /* RemoteSidePanelEPG.swift */,
				A2000000000000000000F05C /* NowOnTVPill.swift */,
				A2000000000000000000F062 /* MediaCastView.swift */,
				A2000000000000000000F063 /* KeyboardInputView.swift */,
			);
			path = Remote;
			sourceTree = "<group>";
		};
		B1000000000000000000F00B /* Resources */ = {
			isa = PBXGroup;
			children = (
				A2000000000000000000F018 /* Assets.xcassets */,
				A2000000000000000000F019 /* Localizable.xcstrings */,
				A2000000000000000000F01A /* Info.plist */,
				A2000000000000000000F036 /* RemoteTV.entitlements */,
			);
			path = Resources;
			sourceTree = "<group>";
		};
		B1000000000000000000F00C /* Discovery */ = {
			isa = PBXGroup;
			children = (
				A2000000000000000000F02D /* TVDiscoveryService.swift */,
				A2000000000000000000F037 /* BonjourDiscoveryService.swift */,
			);
			path = Discovery;
			sourceTree = "<group>";
		};
		B1000000000000000000F00D /* Discovery */ = {
			isa = PBXGroup;
			children = (
				A2000000000000000000F02F /* DiscoveryView.swift */,
				A2000000000000000000F030 /* DiscoveryViewModel.swift */,
				A2000000000000000000F031 /* TVListRow.swift */,
			);
			path = Discovery;
			sourceTree = "<group>";
		};
		B1000000000000000000F060 /* Onboarding */ = {
			isa = PBXGroup;
			children = (
				A2000000000000000000F060 /* OnboardingViewModel.swift */,
				A2000000000000000000F061 /* OnboardingView.swift */,
				A2000000000000000000F066 /* OnboardingStepScaffold.swift */,
				A2000000000000000000F07B /* OnboardingStyle.swift */,
				A2000000000000000000F067 /* OnboardingWelcomeStep.swift */,
				A2000000000000000000F068 /* OnboardingNetworkStep.swift */,
				A2000000000000000000F069 /* OnboardingFindTVStep.swift */,
				A2000000000000000000F06A /* OnboardingPairStep.swift */,
				A2000000000000000000F06B /* OnboardingSuccessStep.swift */,
				A2000000000000000000F06C /* OnboardingTestStep.swift */,
				A2000000000000000000F06D /* OnboardingOptimizeStep.swift */,
			);
			path = Onboarding;
			sourceTree = "<group>";
		};
		B1000000000000000000F061 /* Intents */ = {
			isa = PBXGroup;
			children = (
				A2000000000000000000F073 /* TVChannelEntity.swift */,
				A2000000000000000000F074 /* TVAppEntity.swift */,
				A2000000000000000000F075 /* TVControlIntents.swift */,
				A2000000000000000000F076 /* RemoteTVAppShortcuts.swift */,
				A2000000000000000000F07A /* OpenRemoteTVAppIntent.swift */,
			);
			path = Intents;
			sourceTree = "<group>";
		};
/* End PBXGroup section */

/* Begin PBXNativeTarget section */
		36C1F87A2FDDDAE30058B7ED /* RemoteTVExtensionExtension */ = {
			isa = PBXNativeTarget;
			buildConfigurationList = 36C1F8962FDDDAE40058B7ED /* Build configuration list for PBXNativeTarget "RemoteTVExtensionExtension" */;
			buildPhases = (
				36C1F8772FDDDAE30058B7ED /* Sources */,
				36C1F8782FDDDAE30058B7ED /* Frameworks */,
				36C1F8792FDDDAE30058B7ED /* Resources */,
			);
			buildRules = (
			);
			dependencies = (
			);
			fileSystemSynchronizedGroups = (
				36C1F8812FDDDAE30058B7ED /* RemoteTVExtension */,
			);
			name = RemoteTVExtensionExtension;
			packageProductDependencies = (
				AB000000000000000000F002 /* RemoteTVCore */,
			);
			productName = RemoteTVExtensionExtension;
			productReference = 36C1F87B2FDDDAE30058B7ED /* RemoteTVExtensionExtension.appex */;
			productType = "com.apple.product-type.app-extension";
		};
		E1000000000000000000F001 /* RemoteTV */ = {
			isa = PBXNativeTarget;
			buildConfigurationList = E2000000000000000000F002 /* Build configuration list for PBXNativeTarget "RemoteTV" */;
			buildPhases = (
				F1000000000000000000F001 /* Sources */,
				F1000000000000000000F002 /* Resources */,
				F1000000000000000000F003 /* Frameworks */,
				36C1F8922FDDDAE40058B7ED /* Embed Foundation Extensions */,
			);
			buildRules = (
			);
			dependencies = (
				36C1F8902FDDDAE40058B7ED /* PBXTargetDependency */,
			);
			name = RemoteTV;
			packageProductDependencies = (
				AB000000000000000000F001 /* RemoteTVCore */,
			);
			productName = RemoteTV;
			productReference = C1000000000000000000F001 /* RemoteTV.app */;
			productType = "com.apple.product-type.application";
		};
		E1000000000000000000F002 /* RemoteTVTests */ = {
			isa = PBXNativeTarget;
			buildConfigurationList = E2000000000000000000F003 /* Build configuration list for PBXNativeTarget "RemoteTVTests" */;
			buildPhases = (
				F1000000000000000000F004 /* Sources */,
				F1000000000000000000F005 /* Frameworks */,
			);
			buildRules = (
			);
			dependencies = (
				D3000000000000000000F002 /* PBXTargetDependency */,
			);
			name = RemoteTVTests;
			packageProductDependencies = (
				AB000000000000000000F003 /* RemoteTVCore */,
			);
			productName = RemoteTVTests;
			productReference = C1000000000000000000F002 /* RemoteTVTests.xctest */;
			productType = "com.apple.product-type.bundle.unit-test";
		};
/* End PBXNativeTarget section */

/* Begin PBXProject section */
		D1000000000000000000F001 /* Project object */ = {
			isa = PBXProject;
			attributes = {
				BuildIndependentTargetsInParallel = 1;
				LastSwiftUpdateCheck = 2650;
				LastUpgradeCheck = 1520;
				TargetAttributes = {
					36C1F87A2FDDDAE30058B7ED = {
						CreatedOnToolsVersion = 26.5;
					};
					E1000000000000000000F001 = {
						CreatedOnToolsVersion = 15.2;
					};
					E1000000000000000000F002 = {
						CreatedOnToolsVersion = 15.2;
						TestTargetID = E1000000000000000000F001;
					};
				};
			};
			buildConfigurationList = E2000000000000000000F001 /* Build configuration list for PBXProject "RemoteTV" */;
			compatibilityVersion = "Xcode 14.0";
			developmentRegion = en;
			hasScannedForEncodings = 0;
			knownRegions = (
				en,
				Base,
			);
			mainGroup = B1000000000000000000F001;
			packageReferences = (
				AA000000000000000000F001 /* XCLocalSwiftPackageReference "RemoteTVCore" */,
			);
			productRefGroup = B1000000000000000000F002 /* Products */;
			projectDirPath = "";
			projectRoot = "";
			targets = (
				E1000000000000000000F001 /* RemoteTV */,
				E1000000000000000000F002 /* RemoteTVTests */,
				36C1F87A2FDDDAE30058B7ED /* RemoteTVExtensionExtension */,
			);
		};
/* End PBXProject section */

/* Begin PBXResourcesBuildPhase section */
		36C1F8792FDDDAE30058B7ED /* Resources */ = {
			isa = PBXResourcesBuildPhase;
			buildActionMask = 2147483647;
			files = (
			);
			runOnlyForDeploymentPostprocessing = 0;
		};
		F1000000000000000000F002 /* Resources */ = {
			isa = PBXResourcesBuildPhase;
			buildActionMask = 2147483647;
			files = (
				C2000000000000000000F018 /* Assets.xcassets in Resources */,
				C2000000000000000000F019 /* Localizable.xcstrings in Resources */,
			);
			runOnlyForDeploymentPostprocessing = 0;
		};
/* End PBXResourcesBuildPhase section */

/* Begin PBXSourcesBuildPhase section */
		36C1F8772FDDDAE30058B7ED /* Sources */ = {
			isa = PBXSourcesBuildPhase;
			buildActionMask = 2147483647;
			files = (
				B3000000000000000000F07A /* OpenRemoteTVAppIntent.swift in Sources */,
			);
			runOnlyForDeploymentPostprocessing = 0;
		};
		F1000000000000000000F001 /* Sources */ = {
			isa = PBXSourcesBuildPhase;
			buildActionMask = 2147483647;
			files = (
				B2000000000000000000F001 /* RemoteTVApp.swift in Sources */,
				B2000000000000000000F010 /* RemoteView.swift in Sources */,
				B2000000000000000000F011 /* RemoteViewModel.swift in Sources */,
				B2000000000000000000F012 /* RemoteButton.swift in Sources */,
				B2000000000000000000F013 /* DPadSection.swift in Sources */,
				B2000000000000000000F07C /* MuteTimerControl.swift in Sources */,
				B2000000000000000000F07D /* AppSlotConfig.swift in Sources */,
				B2000000000000000000F014 /* VolumeSection.swift in Sources */,
				B2000000000000000000F015 /* BottomActionsSection.swift in Sources */,
				B2000000000000000000F016 /* StatusPill.swift in Sources */,
				B2000000000000000000F017 /* RemoteToolbarMenu.swift in Sources */,
				B2000000000000000000F029 /* DiscoveredTV.swift in Sources */,
				B2000000000000000000F02D /* TVDiscoveryService.swift in Sources */,
				B2000000000000000000F037 /* BonjourDiscoveryService.swift in Sources */,
				B2000000000000000000F038 /* ChannelSection.swift in Sources */,
				B2000000000000000000F039 /* CommercialMuteSection.swift in Sources */,
				B2000000000000000000F03C /* AppsSection.swift in Sources */,
				B2000000000000000000F03E /* InstalledAppsSection.swift in Sources */,
				B2000000000000000000F044 /* SniffLogSection.swift in Sources */,
				1729BA562FA32FBF0032FA73 /* RemoteSamsungStyle.swift in Sources */,
				B2000000000000000000F045 /* TrackpadGestureMapper.swift in Sources */,
				B2000000000000000000F046 /* TrackpadSection.swift in Sources */,
				B2000000000000000000F047 /* RemoteInputMode.swift in Sources */,
				B2000000000000000000F049 /* RemoteStatusLED.swift in Sources */,
				B2000000000000000000F04A /* CompactCommercialMute.swift in Sources */,
				B2000000000000000000F04B /* RemoteSamsungBody.swift in Sources */,
				B2000000000000000000F04C /* SidePanelMode.swift in Sources */,
				B2000000000000000000F04D /* RemoteSidePanelInstalledApps.swift in Sources */,
				B2000000000000000000F04E /* RemoteSidePanelSniffLog.swift in Sources */,
				B2000000000000000000F04F /* RemoteSidePanelShortcuts.swift in Sources */,
				B2000000000000000000F052 /* PowerButton.swift in Sources */,
				B2000000000000000000F053 /* NumberPadView.swift in Sources */,
				B2000000000000000000F054 /* RootView.swift in Sources */,
				B2000000000000000000F055 /* PowerOnHelpSheet.swift in Sources */,
				B2000000000000000000F056 /* EPGChannel.swift in Sources */,
				B2000000000000000000F057 /* EPGProgramme.swift in Sources */,
				B2000000000000000000F058 /* EPGGuide.swift in Sources */,
				B2000000000000000000F059 /* EPGClient.swift in Sources */,
				B2000000000000000000F05E /* MicrophoneCaptureService.swift in Sources */,
				B2000000000000000000F05F /* NetworkMonitor.swift in Sources */,
				B2000000000000000000F060 /* OnboardingViewModel.swift in Sources */,
				B2000000000000000000F061 /* OnboardingView.swift in Sources */,
				B2000000000000000000F066 /* OnboardingStepScaffold.swift in Sources */,
				B2000000000000000000F07B /* OnboardingStyle.swift in Sources */,
				B2000000000000000000F067 /* OnboardingWelcomeStep.swift in Sources */,
				B2000000000000000000F068 /* OnboardingNetworkStep.swift in Sources */,
				B2000000000000000000F069 /* OnboardingFindTVStep.swift in Sources */,
				B2000000000000000000F06A /* OnboardingPairStep.swift in Sources */,
				B2000000000000000000F06B /* OnboardingSuccessStep.swift in Sources */,
				B2000000000000000000F06C /* OnboardingTestStep.swift in Sources */,
				B2000000000000000000F06D /* OnboardingOptimizeStep.swift in Sources */,
				B2000000000000000000F073 /* TVChannelEntity.swift in Sources */,
				B2000000000000000000F074 /* TVAppEntity.swift in Sources */,
				B2000000000000000000F075 /* TVControlIntents.swift in Sources */,
				B2000000000000000000F076 /* RemoteTVAppShortcuts.swift in Sources */,
				B2000000000000000000F07A /* OpenRemoteTVAppIntent.swift in Sources */,
				B2000000000000000000F062 /* MediaCastView.swift in Sources */,
				B2000000000000000000F063 /* KeyboardInputView.swift in Sources */,
				B2000000000000000000F05A /* EPGViewModel.swift in Sources */,
				B2000000000000000000F05B /* RemoteSidePanelEPG.swift in Sources */,
				B2000000000000000000F05C /* NowOnTVPill.swift in Sources */,
				B2000000000000000000F05D /* KnownChannelNumbers.swift in Sources */,
				B2000000000000000000F051 /* HapticPressStyle.swift in Sources */,
				B2000000000000000000F02F /* DiscoveryView.swift in Sources */,
				B2000000000000000000F030 /* DiscoveryViewModel.swift in Sources */,
				B2000000000000000000F031 /* TVListRow.swift in Sources */,
			);
			runOnlyForDeploymentPostprocessing = 0;
		};
		F1000000000000000000F004 /* Sources */ = {
			isa = PBXSourcesBuildPhase;
			buildActionMask = 2147483647;
			files = (
				D2000000000000000000F01B /* TVCommandEncoderTests.swift in Sources */,
				D2000000000000000000F01C /* TVURLBuilderTests.swift in Sources */,
				D2000000000000000000F01D /* TVTokenStoreTests.swift in Sources */,
				D2000000000000000000F01E /* RemoteViewModelTests.swift in Sources */,
				D2000000000000000000F027 /* MagicPacketBuilderTests.swift in Sources */,
				D2000000000000000000F028 /* RememberedTVsStoreTests.swift in Sources */,
				D2000000000000000000F035 /* DiscoveryViewModelTests.swift in Sources */,
				D2000000000000000000F048 /* TrackpadGestureMapperTests.swift in Sources */,
				D2000000000000000000F06E /* EPGViewModelTests.swift in Sources */,
				D2000000000000000000F06F /* OnboardingViewModelTests.swift in Sources */,
				D2000000000000000000F070 /* SamsungTVServiceTests.swift in Sources */,
				D2000000000000000000F071 /* EPGClientTests.swift in Sources */,
				D2000000000000000000F077 /* TVIntentsControllerTests.swift in Sources */,
				D2000000000000000000F078 /* TVIntentEntitiesTests.swift in Sources */,
			);
			runOnlyForDeploymentPostprocessing = 0;
		};
/* End PBXSourcesBuildPhase section */

/* Begin PBXTargetDependency section */
		36C1F8902FDDDAE40058B7ED /* PBXTargetDependency */ = {
			isa = PBXTargetDependency;
			target = 36C1F87A2FDDDAE30058B7ED /* RemoteTVExtensionExtension */;
			targetProxy = 36C1F88F2FDDDAE40058B7ED /* PBXContainerItemProxy */;
		};
		D3000000000000000000F002 /* PBXTargetDependency */ = {
			isa = PBXTargetDependency;
			target = E1000000000000000000F001 /* RemoteTV */;
			targetProxy = D3000000000000000000F001 /* PBXContainerItemProxy */;
		};
/* End PBXTargetDependency section */

/* Begin XCBuildConfiguration section */
		36C1F8932FDDDAE40058B7ED /* Debug */ = {
			isa = XCBuildConfiguration;
			buildSettings = {
				ASSETCATALOG_COMPILER_GLOBAL_ACCENT_COLOR_NAME = AccentColor;
				ASSETCATALOG_COMPILER_WIDGET_BACKGROUND_COLOR_NAME = WidgetBackground;
				CLANG_WARN_QUOTED_INCLUDE_IN_FRAMEWORK_HEADER = YES;
				CODE_SIGN_ENTITLEMENTS = RemoteTVExtensionExtension.entitlements;
				CODE_SIGN_STYLE = Automatic;
				CURRENT_PROJECT_VERSION = 1;
				DEVELOPMENT_TEAM = 4GLZUW75SU;
				GENERATE_INFOPLIST_FILE = YES;
				INFOPLIST_FILE = RemoteTVExtension/Info.plist;
				INFOPLIST_KEY_CFBundleDisplayName = RemoteTVExtension;
				INFOPLIST_KEY_NSHumanReadableCopyright = "";
				IPHONEOS_DEPLOYMENT_TARGET = 18.0;
				LD_RUNPATH_SEARCH_PATHS = (
					"$(inherited)",
					"@executable_path/Frameworks",
					"@executable_path/../../Frameworks",
				);
				MARKETING_VERSION = 1.0;
				PRODUCT_BUNDLE_IDENTIFIER = ro.remotetv.RemoteTV.RemoteTVExtension;
				PRODUCT_NAME = "$(TARGET_NAME)";
				SKIP_INSTALL = YES;
				STRING_CATALOG_GENERATE_SYMBOLS = YES;
				SUPPORTED_PLATFORMS = "iphoneos iphonesimulator";
				SUPPORTS_MACCATALYST = NO;
				SUPPORTS_XR_DESIGNED_FOR_IPHONE_IPAD = NO;
				SWIFT_APPROACHABLE_CONCURRENCY = YES;
				SWIFT_EMIT_LOC_STRINGS = YES;
				SWIFT_UPCOMING_FEATURE_MEMBER_IMPORT_VISIBILITY = YES;
				SWIFT_VERSION = 5.0;
				TARGETED_DEVICE_FAMILY = "1,2";
			};
			name = Debug;
		};
		36C1F8942FDDDAE40058B7ED /* Release */ = {
			isa = XCBuildConfiguration;
			buildSettings = {
				ASSETCATALOG_COMPILER_GLOBAL_ACCENT_COLOR_NAME = AccentColor;
				ASSETCATALOG_COMPILER_WIDGET_BACKGROUND_COLOR_NAME = WidgetBackground;
				CLANG_WARN_QUOTED_INCLUDE_IN_FRAMEWORK_HEADER = YES;
				CODE_SIGN_ENTITLEMENTS = RemoteTVExtensionExtension.entitlements;
				CODE_SIGN_STYLE = Automatic;
				CURRENT_PROJECT_VERSION = 1;
				DEVELOPMENT_TEAM = 4GLZUW75SU;
				GENERATE_INFOPLIST_FILE = YES;
				INFOPLIST_FILE = RemoteTVExtension/Info.plist;
				INFOPLIST_KEY_CFBundleDisplayName = RemoteTVExtension;
				INFOPLIST_KEY_NSHumanReadableCopyright = "";
				IPHONEOS_DEPLOYMENT_TARGET = 18.0;
				LD_RUNPATH_SEARCH_PATHS = (
					"$(inherited)",
					"@executable_path/Frameworks",
					"@executable_path/../../Frameworks",
				);
				MARKETING_VERSION = 1.0;
				PRODUCT_BUNDLE_IDENTIFIER = ro.remotetv.RemoteTV.RemoteTVExtension;
				PRODUCT_NAME = "$(TARGET_NAME)";
				SKIP_INSTALL = YES;
				STRING_CATALOG_GENERATE_SYMBOLS = YES;
				SUPPORTED_PLATFORMS = "iphoneos iphonesimulator";
				SUPPORTS_MACCATALYST = NO;
				SUPPORTS_XR_DESIGNED_FOR_IPHONE_IPAD = NO;
				SWIFT_APPROACHABLE_CONCURRENCY = YES;
				SWIFT_EMIT_LOC_STRINGS = YES;
				SWIFT_UPCOMING_FEATURE_MEMBER_IMPORT_VISIBILITY = YES;
				SWIFT_VERSION = 5.0;
				TARGETED_DEVICE_FAMILY = "1,2";
			};
			name = Release;
		};
		F2000000000000000000F001 /* Debug */ = {
			isa = XCBuildConfiguration;
			buildSettings = {
				ALWAYS_SEARCH_USER_PATHS = NO;
				ASSETCATALOG_COMPILER_GENERATE_SWIFT_ASSET_SYMBOL_EXTENSIONS = YES;
				CLANG_ANALYZER_NONNULL = YES;
				CLANG_ANALYZER_NUMBER_OBJECT_CONVERSION = YES_AGGRESSIVE;
				CLANG_CXX_LANGUAGE_STANDARD = "gnu++20";
				CLANG_ENABLE_MODULES = YES;
				CLANG_ENABLE_OBJC_ARC = YES;
				CLANG_ENABLE_OBJC_WEAK = YES;
				CLANG_WARN_BLOCK_CAPTURE_AUTORELEASING = YES;
				CLANG_WARN_BOOL_CONVERSION = YES;
				CLANG_WARN_COMMA = YES;
				CLANG_WARN_CONSTANT_CONVERSION = YES;
				CLANG_WARN_DEPRECATED_OBJC_IMPLEMENTATIONS = YES;
				CLANG_WARN_DIRECT_OBJC_ISA_USAGE = YES_ERROR;
				CLANG_WARN_DOCUMENTATION_COMMENTS = YES;
				CLANG_WARN_EMPTY_BODY = YES;
				CLANG_WARN_ENUM_CONVERSION = YES;
				CLANG_WARN_INFINITE_RECURSION = YES;
				CLANG_WARN_INT_CONVERSION = YES;
				CLANG_WARN_NON_LITERAL_NULL_CONVERSION = YES;
				CLANG_WARN_OBJC_IMPLICIT_RETAIN_SELF = YES;
				CLANG_WARN_OBJC_LITERAL_CONVERSION = YES;
				CLANG_WARN_OBJC_ROOT_CLASS = YES_ERROR;
				CLANG_WARN_RANGE_LOOP_ANALYSIS = YES;
				CLANG_WARN_STRICT_PROTOTYPES = YES;
				CLANG_WARN_SUSPICIOUS_MOVE = YES;
				CLANG_WARN_UNGUARDED_AVAILABILITY = YES_AGGRESSIVE;
				CLANG_WARN_UNREACHABLE_CODE = YES;
				CLANG_WARN__DUPLICATE_METHOD_MATCH = YES;
				COPY_PHASE_STRIP = NO;
				DEBUG_INFORMATION_FORMAT = dwarf;
				ENABLE_NS_ASSERTIONS = YES;
				ENABLE_STRICT_OBJC_MSGSEND = YES;
				ENABLE_TESTABILITY = YES;
				ENABLE_USER_SCRIPT_SANDBOXING = YES;
				GCC_C_LANGUAGE_STANDARD = gnu17;
				GCC_DYNAMIC_NO_PIC = NO;
				GCC_NO_COMMON_BLOCKS = YES;
				GCC_OPTIMIZATION_LEVEL = 0;
				GCC_PREPROCESSOR_DEFINITIONS = (
					"DEBUG=1",
					"$(inherited)",
				);
				GCC_WARN_64_TO_32_BIT_CONVERSION = YES;
				GCC_WARN_ABOUT_RETURN_TYPE = YES_ERROR;
				GCC_WARN_UNDECLARED_SELECTOR = YES;
				GCC_WARN_UNINITIALIZED_AUTOS = YES_AGGRESSIVE;
				GCC_WARN_UNUSED_FUNCTION = YES;
				GCC_WARN_UNUSED_VARIABLE = YES;
				IPHONEOS_DEPLOYMENT_TARGET = 17.0;
				LOCALIZATION_PREFERS_STRING_CATALOGS = YES;
				MTL_ENABLE_DEBUG_INFO = INCLUDE_SOURCE;
				MTL_FAST_MATH = YES;
				ONLY_ACTIVE_ARCH = YES;
				SDKROOT = iphoneos;
				SWIFT_ACTIVE_COMPILATION_CONDITIONS = "DEBUG $(inherited)";
				SWIFT_OPTIMIZATION_LEVEL = "-Onone";
			};
			name = Debug;
		};
		F2000000000000000000F002 /* Release */ = {
			isa = XCBuildConfiguration;
			buildSettings = {
				ALWAYS_SEARCH_USER_PATHS = NO;
				ASSETCATALOG_COMPILER_GENERATE_SWIFT_ASSET_SYMBOL_EXTENSIONS = YES;
				CLANG_ANALYZER_NONNULL = YES;
				CLANG_ANALYZER_NUMBER_OBJECT_CONVERSION = YES_AGGRESSIVE;
				CLANG_CXX_LANGUAGE_STANDARD = "gnu++20";
				CLANG_ENABLE_MODULES = YES;
				CLANG_ENABLE_OBJC_ARC = YES;
				CLANG_ENABLE_OBJC_WEAK = YES;
				CLANG_WARN_BLOCK_CAPTURE_AUTORELEASING = YES;
				CLANG_WARN_BOOL_CONVERSION = YES;
				CLANG_WARN_COMMA = YES;
				CLANG_WARN_CONSTANT_CONVERSION = YES;
				CLANG_WARN_DEPRECATED_OBJC_IMPLEMENTATIONS = YES;
				CLANG_WARN_DIRECT_OBJC_ISA_USAGE = YES_ERROR;
				CLANG_WARN_DOCUMENTATION_COMMENTS = YES;
				CLANG_WARN_EMPTY_BODY = YES;
				CLANG_WARN_ENUM_CONVERSION = YES;
				CLANG_WARN_INFINITE_RECURSION = YES;
				CLANG_WARN_INT_CONVERSION = YES;
				CLANG_WARN_NON_LITERAL_NULL_CONVERSION = YES;
				CLANG_WARN_OBJC_IMPLICIT_RETAIN_SELF = YES;
				CLANG_WARN_OBJC_LITERAL_CONVERSION = YES;
				CLANG_WARN_OBJC_ROOT_CLASS = YES_ERROR;
				CLANG_WARN_RANGE_LOOP_ANALYSIS = YES;
				CLANG_WARN_STRICT_PROTOTYPES = YES;
				CLANG_WARN_SUSPICIOUS_MOVE = YES;
				CLANG_WARN_UNGUARDED_AVAILABILITY = YES_AGGRESSIVE;
				CLANG_WARN_UNREACHABLE_CODE = YES;
				CLANG_WARN__DUPLICATE_METHOD_MATCH = YES;
				COPY_PHASE_STRIP = NO;
				DEBUG_INFORMATION_FORMAT = "dwarf-with-dsym";
				ENABLE_NS_ASSERTIONS = NO;
				ENABLE_STRICT_OBJC_MSGSEND = YES;
				ENABLE_USER_SCRIPT_SANDBOXING = YES;
				GCC_C_LANGUAGE_STANDARD = gnu17;
				GCC_NO_COMMON_BLOCKS = YES;
				GCC_WARN_64_TO_32_BIT_CONVERSION = YES;
				GCC_WARN_ABOUT_RETURN_TYPE = YES_ERROR;
				GCC_WARN_UNDECLARED_SELECTOR = YES;
				GCC_WARN_UNINITIALIZED_AUTOS = YES_AGGRESSIVE;
				GCC_WARN_UNUSED_FUNCTION = YES;
				GCC_WARN_UNUSED_VARIABLE = YES;
				IPHONEOS_DEPLOYMENT_TARGET = 17.0;
				LOCALIZATION_PREFERS_STRING_CATALOGS = YES;
				MTL_ENABLE_DEBUG_INFO = NO;
				MTL_FAST_MATH = YES;
				SDKROOT = iphoneos;
				SWIFT_COMPILATION_MODE = wholemodule;
				VALIDATE_PRODUCT = YES;
			};
			name = Release;
		};
		F2000000000000000000F003 /* Debug */ = {
			isa = XCBuildConfiguration;
			buildSettings = {
				ASSETCATALOG_COMPILER_APPICON_NAME = AppIcon;
				ASSETCATALOG_COMPILER_GLOBAL_ACCENT_COLOR_NAME = AccentColor;
				CODE_SIGN_ENTITLEMENTS = RemoteTV/Resources/RemoteTV.entitlements;
				CODE_SIGN_STYLE = Automatic;
				CURRENT_PROJECT_VERSION = 1;
				DEVELOPMENT_TEAM = 4GLZUW75SU;
				ENABLE_PREVIEWS = YES;
				GENERATE_INFOPLIST_FILE = NO;
				INFOPLIST_FILE = RemoteTV/Resources/Info.plist;
				IPHONEOS_DEPLOYMENT_TARGET = 17.0;
				LD_RUNPATH_SEARCH_PATHS = (
					"$(inherited)",
					"@executable_path/Frameworks",
				);
				MARKETING_VERSION = 1.0;
				PRODUCT_BUNDLE_IDENTIFIER = ro.remotetv.RemoteTV;
				PRODUCT_NAME = "$(TARGET_NAME)";
				SUPPORTED_PLATFORMS = "iphoneos iphonesimulator";
				SUPPORTS_MACCATALYST = NO;
				SUPPORTS_XR_DESIGNED_FOR_IPHONE_IPAD = NO;
				SWIFT_EMIT_LOC_STRINGS = YES;
				SWIFT_STRICT_CONCURRENCY = complete;
				SWIFT_VERSION = 5.0;
				TARGETED_DEVICE_FAMILY = 1;
			};
			name = Debug;
		};
		F2000000000000000000F004 /* Release */ = {
			isa = XCBuildConfiguration;
			buildSettings = {
				ASSETCATALOG_COMPILER_APPICON_NAME = AppIcon;
				ASSETCATALOG_COMPILER_GLOBAL_ACCENT_COLOR_NAME = AccentColor;
				CODE_SIGN_ENTITLEMENTS = RemoteTV/Resources/RemoteTV.entitlements;
				CODE_SIGN_STYLE = Automatic;
				CURRENT_PROJECT_VERSION = 1;
				DEVELOPMENT_TEAM = 4GLZUW75SU;
				ENABLE_PREVIEWS = YES;
				GENERATE_INFOPLIST_FILE = NO;
				INFOPLIST_FILE = RemoteTV/Resources/Info.plist;
				IPHONEOS_DEPLOYMENT_TARGET = 17.0;
				LD_RUNPATH_SEARCH_PATHS = (
					"$(inherited)",
					"@executable_path/Frameworks",
				);
				MARKETING_VERSION = 1.0;
				PRODUCT_BUNDLE_IDENTIFIER = ro.remotetv.RemoteTV;
				PRODUCT_NAME = "$(TARGET_NAME)";
				SUPPORTED_PLATFORMS = "iphoneos iphonesimulator";
				SUPPORTS_MACCATALYST = NO;
				SUPPORTS_XR_DESIGNED_FOR_IPHONE_IPAD = NO;
				SWIFT_EMIT_LOC_STRINGS = YES;
				SWIFT_STRICT_CONCURRENCY = complete;
				SWIFT_VERSION = 5.0;
				TARGETED_DEVICE_FAMILY = 1;
			};
			name = Release;
		};
		F2000000000000000000F005 /* Debug */ = {
			isa = XCBuildConfiguration;
			buildSettings = {
				BUNDLE_LOADER = "$(TEST_HOST)";
				CODE_SIGN_STYLE = Automatic;
				CURRENT_PROJECT_VERSION = 1;
				DEVELOPMENT_TEAM = 4GLZUW75SU;
				GENERATE_INFOPLIST_FILE = YES;
				IPHONEOS_DEPLOYMENT_TARGET = 17.0;
				MARKETING_VERSION = 1.0;
				PRODUCT_BUNDLE_IDENTIFIER = ro.remotetv.RemoteTVTests;
				PRODUCT_NAME = "$(TARGET_NAME)";
				SWIFT_EMIT_LOC_STRINGS = NO;
				SWIFT_STRICT_CONCURRENCY = complete;
				SWIFT_VERSION = 5.0;
				TARGETED_DEVICE_FAMILY = 1;
				TEST_HOST = "$(BUILT_PRODUCTS_DIR)/RemoteTV.app/$(BUNDLE_EXECUTABLE_FOLDER_PATH)/RemoteTV";
			};
			name = Debug;
		};
		F2000000000000000000F006 /* Release */ = {
			isa = XCBuildConfiguration;
			buildSettings = {
				BUNDLE_LOADER = "$(TEST_HOST)";
				CODE_SIGN_STYLE = Automatic;
				CURRENT_PROJECT_VERSION = 1;
				DEVELOPMENT_TEAM = 4GLZUW75SU;
				GENERATE_INFOPLIST_FILE = YES;
				IPHONEOS_DEPLOYMENT_TARGET = 17.0;
				MARKETING_VERSION = 1.0;
				PRODUCT_BUNDLE_IDENTIFIER = ro.remotetv.RemoteTVTests;
				PRODUCT_NAME = "$(TARGET_NAME)";
				SWIFT_EMIT_LOC_STRINGS = NO;
				SWIFT_STRICT_CONCURRENCY = complete;
				SWIFT_VERSION = 5.0;
				TARGETED_DEVICE_FAMILY = 1;
				TEST_HOST = "$(BUILT_PRODUCTS_DIR)/RemoteTV.app/$(BUNDLE_EXECUTABLE_FOLDER_PATH)/RemoteTV";
			};
			name = Release;
		};
/* End XCBuildConfiguration section */

/* Begin XCConfigurationList section */
		36C1F8962FDDDAE40058B7ED /* Build configuration list for PBXNativeTarget "RemoteTVExtensionExtension" */ = {
			isa = XCConfigurationList;
			buildConfigurations = (
				36C1F8932FDDDAE40058B7ED /* Debug */,
				36C1F8942FDDDAE40058B7ED /* Release */,
			);
			defaultConfigurationIsVisible = 0;
			defaultConfigurationName = Release;
		};
		E2000000000000000000F001 /* Build configuration list for PBXProject "RemoteTV" */ = {
			isa = XCConfigurationList;
			buildConfigurations = (
				F2000000000000000000F001 /* Debug */,
				F2000000000000000000F002 /* Release */,
			);
			defaultConfigurationIsVisible = 0;
			defaultConfigurationName = Release;
		};
		E2000000000000000000F002 /* Build configuration list for PBXNativeTarget "RemoteTV" */ = {
			isa = XCConfigurationList;
			buildConfigurations = (
				F2000000000000000000F003 /* Debug */,
				F2000000000000000000F004 /* Release */,
			);
			defaultConfigurationIsVisible = 0;
			defaultConfigurationName = Release;
		};
		E2000000000000000000F003 /* Build configuration list for PBXNativeTarget "RemoteTVTests" */ = {
			isa = XCConfigurationList;
			buildConfigurations = (
				F2000000000000000000F005 /* Debug */,
				F2000000000000000000F006 /* Release */,
			);
			defaultConfigurationIsVisible = 0;
			defaultConfigurationName = Release;
		};
/* End XCConfigurationList section */

/* Begin XCLocalSwiftPackageReference section */
		AA000000000000000000F001 /* XCLocalSwiftPackageReference "RemoteTVCore" */ = {
			isa = XCLocalSwiftPackageReference;
			relativePath = RemoteTVCore;
		};
/* End XCLocalSwiftPackageReference section */

/* Begin XCSwiftPackageProductDependency section */
		AB000000000000000000F001 /* RemoteTVCore */ = {
			isa = XCSwiftPackageProductDependency;
			productName = RemoteTVCore;
		};
		AB000000000000000000F002 /* RemoteTVCore */ = {
			isa = XCSwiftPackageProductDependency;
			productName = RemoteTVCore;
		};
		AB000000000000000000F003 /* RemoteTVCore */ = {
			isa = XCSwiftPackageProductDependency;
			productName = RemoteTVCore;
		};
/* End XCSwiftPackageProductDependency section */
	};
	rootObject = D1000000000000000000F001 /* Project object */;
}
